// !$*UTF8*$!
{
	archiveVersion = 1;
	classes = {
	};
	objectVersion = 56;
	objects = {

/* Begin PBXBuildFile section */
		9814302629782180000F805D /* AppDelegate.swift in Sources */ = {isa = PBXBuildFile; fileRef = 9814302529782180000F805D /* AppDelegate.swift */; };
		9814302829782180000F805D /* SceneDelegate.swift in Sources */ = {isa = PBXBuildFile; fileRef = 9814302729782180000F805D /* SceneDelegate.swift */; };
		9814302A29782180000F805D /* ViewController.swift in Sources */ = {isa = PBXBuildFile; fileRef = 9814302929782180000F805D /* ViewController.swift */; };
		9814302D29782180000F805D /* Main.storyboard in Resources */ = {isa = PBXBuildFile; fileRef = 9814302B29782180000F805D /* Main.storyboard */; };
		9814302F29782184000F805D /* Assets.xcassets in Resources */ = {isa = PBXBuildFile; fileRef = 9814302E29782184000F805D /* Assets.xcassets */; };
		9814303229782184000F805D /* LaunchScreen.storyboard in Resources */ = {isa = PBXBuildFile; fileRef = 9814303029782184000F805D /* LaunchScreen.storyboard */; };
		9814303D29782184000F805D /* ImageAnimationsTests.swift in Sources */ = {isa = PBXBuildFile; fileRef = 9814303C29782184000F805D /* ImageAnimationsTests.swift */; };
		9814304729782184000F805D /* ImageAnimationsUITests.swift in Sources */ = {isa = PBXBuildFile; fileRef = 9814304629782184000F805D /* ImageAnimationsUITests.swift */; };
		9814304929782184000F805D /* ImageAnimationsUITestsLaunchTests.swift in Sources */ = {isa = PBXBuildFile; fileRef = 9814304829782184000F805D /* ImageAnimationsUITestsLaunchTests.swift */; };
/* End PBXBuildFile section */

/* Begin PBXContainerItemProxy section */
		9814303929782184000F805D /* PBXContainerItemProxy */ = {
			isa = PBXContainerItemProxy;
			containerPortal = 9814301A29782180000F805D /* Project object */;
			proxyType = 1;
			remoteGlobalIDString = 9814302129782180000F805D;
			remoteInfo = ImageAnimations;
		};
		9814304329782184000F805D /* PBXContainerItemProxy */ = {
			isa = PBXContainerItemProxy;
			containerPortal = 9814301A29782180000F805D /* Project object */;
			proxyType = 1;
			remoteGlobalIDString = 9814302129782180000F805D;
			remoteInfo = ImageAnimations;
		};
/* End PBXContainerItemProxy section */

/* Begin PBXFileReference section */
		9814302229782180000F805D /* ImageAnimations.app */ = {isa = PBXFileReference; explicitFileType = wrapper.application; includeInIndex = 0; path = ImageAnimations.app; sourceTree = BUILT_PRODUCTS_DIR; };
		9814302529782180000F805D /* AppDelegate.swift */ = {isa = PBXFileReference; lastKnownFileType = sourcecode.swift; path = AppDelegate.swift; sourceTree = "<group>"; };
		9814302729782180000F805D /* SceneDelegate.swift */ = {isa = PBXFileReference; lastKnownFileType = sourcecode.swift; path = SceneDelegate.swift; sourceTree = "<group>"; };
		9814302929782180000F805D /* ViewController.swift */ = {isa = PBXFileReference; lastKnownFileType = sourcecode.swift; path = ViewController.swift; sourceTree = "<group>"; };
		9814302C29782180000F805D /* Base */ = {isa = PBXFileReference; lastKnownFileType = file.storyboard; name = Base; path = Base.lproj/Main.storyboard; sourceTree = "<group>"; };
		9814302E29782184000F805D /* Assets.xcassets */ = {isa = PBXFileReference; lastKnownFileType = folder.assetcatalog; path = Assets.xcassets; sourceTree = "<group>"; };
		9814303129782184000F805D /* Base */ = {isa = PBXFileReference; lastKnownFileType = file.storyboard; name = Base; path = Base.lproj/LaunchScreen.storyboard; sourceTree = "<group>"; };
		9814303329782184000F805D /* Info.plist */ = {isa = PBXFileReference; lastKnownFileType = text.plist.xml; path = Info.plist; sourceTree = "<group>"; };
		9814303829782184000F805D /* ImageAnimationsTests.xctest */ = {isa = PBXFileReference; explicitFileType = wrapper.cfbundle; includeInIndex = 0; path = ImageAnimationsTests.xctest; sourceTree = BUILT_PRODUCTS_DIR; };
		9814303C29782184000F805D /* ImageAnimationsTests.swift */ = {isa = PBXFileReference; lastKnownFileType = sourcecode.swift; path = ImageAnimationsTests.swift; sourceTree = "<group>"; };
		9814304229782184000F805D /* ImageAnimationsUITests.xctest */ = {isa = PBXFileReference; explicitFileType = wrapper.cfbundle; includeInIndex = 0; path = ImageAnimationsUITests.xctest; sourceTree = BUILT_PRODUCTS_DIR; };
		9814304629782184000F805D /* ImageAnimationsUITests.swift */ = {isa = PBXFileReference; lastKnownFileType = sourcecode.swift; path = ImageAnimationsUITests.swift; sourceTree = "<group>"; };
		9814304829782184000F805D /* ImageAnimationsUITestsLaunchTests.swift */ = {isa = PBXFileReference; lastKnownFileType = sourcecode.swift; path = ImageAnimationsUITestsLaunchTests.swift; sourceTree = "<group>"; };
/* End PBXFileReference section */

/* Begin PBXFrameworksBuildPhase section */
		9814301F29782180000F805D /* Frameworks */ = {
			isa = PBXFrameworksBuildPhase;
			buildActionMask = 2147483647;
			files = (
			);
			runOnlyForDeploymentPostprocessing = 0;
		};
		9814303529782184000F805D /* Frameworks */ = {
			isa = PBXFrameworksBuildPhase;
			buildActionMask = 2147483647;
			files = (
			);
			runOnlyForDeploymentPostprocessing = 0;
		};
		9814303F29782184000F805D /* Frameworks */ = {
			isa = PBXFrameworksBuildPhase;
			buildActionMask = 2147483647;
			files = (
			);
			runOnlyForDeploymentPostprocessing = 0;
		};
/* End PBXFrameworksBuildPhase section */

/* Begin PBXGroup section */
		9814301929782180000F805D = {
			isa = PBXGroup;
			children = (
				9814302429782180000F805D /* ImageAnimations */,
				9814303B29782184000F805D /* ImageAnimationsTests */,
				9814304529782184000F805D /* ImageAnimationsUITests */,
				9814302329782180000F805D /* Products */,
			);
			sourceTree = "<group>";
		};
		9814302329782180000F805D /* Products */ = {
			isa = PBXGroup;
			children = (
				9814302229782180000F805D /* ImageAnimations.app */,
				9814303829782184000F805D /* ImageAnimationsTests.xctest */,
				9814304229782184000F805D /* ImageAnimationsUITests.xctest */,
			);
			name = Products;
			sourceTree = "<group>";
		};
		9814302429782180000F805D /* ImageAnimations */ = {
			isa = PBXGroup;
			children = (
				9814302529782180000F805D /* AppDelegate.swift */,
				9814302729782180000F805D /* SceneDelegate.swift */,
				9814302929782180000F805D /* ViewController.swift */,
				9814302B29782180000F805D /* Main.storyboard */,
				9814302E29782184000F805D /* Assets.xcassets */,
				9814303029782184000F805D /* LaunchScreen.storyboard */,
				9814303329782184000F805D /* Info.plist */,
			);
			path = ImageAnimations;
			sourceTree = "<group>";
		};
		9814303B29782184000F805D /* ImageAnimationsTests */ = {
			isa = PBXGroup;
			children = (
				9814303C29782184000F805D /* ImageAnimationsTests.swift */,
			);
			path = ImageAnimationsTests;
			sourceTree = "<group>";
		};
		9814304529782184000F805D /* ImageAnimationsUITests */ = {
			isa = PBXGroup;
			children = (
				9814304629782184000F805D /* ImageAnimationsUITests.swift */,
				9814304829782184000F805D /* ImageAnimationsUITestsLaunchTests.swift */,
			);
			path = ImageAnimationsUITests;
			sourceTree = "<group>";
		};
/* End PBXGroup section */

/* Begin PBXNativeTarget section */
		9814302129782180000F805D /* ImageAnimations */ = {
			isa = PBXNativeTarget;
			buildConfigurationList = 9814304C29782184000F805D /* Build configuration list for PBXNativeTarget "ImageAnimations" */;
			buildPhases = (
				9814301E29782180000F805D /* Sources */,
				9814301F29782180000F805D /* Frameworks */,
				9814302029782180000F805D /* Resources */,
			);
			buildRules = (
			);
			dependencies = (
			);
			name = ImageAnimations;
			productName = ImageAnimations;
			productReference = 9814302229782180000F805D /* ImageAnimations.app */;
			productType = "com.apple.product-type.application";
		};
		9814303729782184000F805D /* ImageAnimationsTests */ = {
			isa = PBXNativeTarget;
			buildConfigurationList = 9814304F29782184000F805D /* Build configuration list for PBXNativeTarget "ImageAnimationsTests" */;
			buildPhases = (
				9814303429782184000F805D /* Sources */,
				9814303529782184000F805D /* Frameworks */,
				9814303629782184000F805D /* Resources */,
			);
			buildRules = (
			);
			dependencies = (
				9814303A29782184000F805D /* PBXTargetDependency */,
			);
			name = ImageAnimationsTests;
			productName = ImageAnimationsTests;
			productReference = 9814303829782184000F805D /* ImageAnimationsTests.xctest */;
			productType = "com.apple.product-type.bundle.unit-test";
		};
		9814304129782184000F805D /* ImageAnimationsUITests */ = {
			isa = PBXNativeTarget;
			buildConfigurationList = 9814305229782184000F805D /* Build configuration list for PBXNativeTarget "ImageAnimationsUITests" */;
			buildPhases = (
				9814303E29782184000F805D /* Sources */,
				9814303F29782184000F805D /* Frameworks */,
				9814304029782184000F805D /* Resources */,
			);
			buildRules = (
			);
			dependencies = (
				9814304429782184000F805D /* PBXTargetDependency */,
			);
			name = ImageAnimationsUITests;
			productName = ImageAnimationsUITests;
			productReference = 9814304229782184000F805D /* ImageAnimationsUITests.xctest */;
			productType = "com.apple.product-type.bundle.ui-testing";
		};
/* End PBXNativeTarget section */

/* Begin PBXProject section */
		9814301A29782180000F805D /* Project object */ = {
			isa = PBXProject;
			attributes = {
				BuildIndependentTargetsInParallel = 1;
				LastSwiftUpdateCheck = 1410;
				LastUpgradeCheck = 1410;
				TargetAttributes = {
					9814302129782180000F805D = {
						CreatedOnToolsVersion = 14.1;
					};
					9814303729782184000F805D = {
						CreatedOnToolsVersion = 14.1;
						TestTargetID = 9814302129782180000F805D;
					};
					9814304129782184000F805D = {
						CreatedOnToolsVersion = 14.1;
						TestTargetID = 9814302129782180000F805D;
					};
				};
			};
			buildConfigurationList = 9814301D29782180000F805D /* Build configuration list for PBXProject "ImageAnimations" */;
			compatibilityVersion = "Xcode 14.0";
			developmentRegion = en;
			hasScannedForEncodings = 0;
			knownRegions = (
				en,
				Base,
			);
			mainGroup = 9814301929782180000F805D;
			productRefGroup = 9814302329782180000F805D /* Products */;
			projectDirPath = "";
			projectRoot = "";
			targets = (
				9814302129782180000F805D /* ImageAnimations */,
				9814303729782184000F805D /* ImageAnimationsTests */,
				9814304129782184000F805D /* ImageAnimationsUITests */,
			);
		};
/* End PBXProject section */

/* Begin PBXResourcesBuildPhase section */
		9814302029782180000F805D /* Resources */ = {
			isa = PBXResourcesBuildPhase;
			buildActionMask = 2147483647;
			files = (
				9814303229782184000F805D /* LaunchScreen.storyboard in Resources */,
				9814302F29782184000F805D /* Assets.xcassets in Resources */,
				9814302D29782180000F805D /* Main.storyboard in Resources */,
			);
			runOnlyForDeploymentPostprocessing = 0;
		};
		9814303629782184000F805D /* Resources */ = {
			isa = PBXResourcesBuildPhase;
			buildActionMask = 2147483647;
			files = (
			);
			runOnlyForDeploymentPostprocessing = 0;
		};
		9814304029782184000F805D /* Resources */ = {
			isa = PBXResourcesBuildPhase;
			buildActionMask = 2147483647;
			files = (
			);
			runOnlyForDeploymentPostprocessing = 0;
		};
/* End PBXResourcesBuildPhase section */

/* Begin PBXSourcesBuildPhase section */
		9814301E29782180000F805D /* Sources */ = {
			isa = PBXSourcesBuildPhase;
			buildActionMask = 2147483647;
			files = (
				9814302A29782180000F805D /* ViewController.swift in Sources */,
				9814302629782180000F805D /* AppDelegate.swift in Sources */,
				9814302829782180000F805D /* SceneDelegate.swift in Sources */,
			);
			runOnlyForDeploymentPostprocessing = 0;
		};
		9814303429782184000F805D /* Sources */ = {
			isa = PBXSourcesBuildPhase;
			buildActionMask = 2147483647;
			files = (
				9814303D29782184000F805D /* ImageAnimationsTests.swift in Sources */,
			);
			runOnlyForDeploymentPostprocessing = 0;
		};
		9814303E29782184000F805D /* Sources */ = {
			isa = PBXSourcesBuildPhase;
			buildActionMask = 2147483647;
			files = (
				9814304729782184000F805D /* ImageAnimationsUITests.swift in Sources */,
				9814304929782184000F805D /* ImageAnimationsUITestsLaunchTests.swift in Sources */,
			);
			runOnlyForDeploymentPostprocessing = 0;
		};
/* End PBXSourcesBuildPhase section */

/* Begin PBXTargetDependency section */
		9814303A29782184000F805D /* PBXTargetDependency */ = {
			isa = PBXTargetDependency;
			target = 9814302129782180000F805D /* ImageAnimations */;
			targetProxy = 9814303929782184000F805D /* PBXContainerItemProxy */;
		};
		9814304429782184000F805D /* PBXTargetDependency */ = {
			isa = PBXTargetDependency;
			target = 9814302129782180000F805D /* ImageAnimations */;
			targetProxy = 9814304329782184000F805D /* PBXContainerItemProxy */;
		};
/* End PBXTargetDependency section */

/* Begin PBXVariantGroup section */
		9814302B29782180000F805D /* Main.storyboard */ = {
			isa = PBXVariantGroup;
			children = (
				9814302C29782180000F805D /* Base */,
			);
			name = Main.storyboard;
			sourceTree = "<group>";
		};
		9814303029782184000F805D /* LaunchScreen.storyboard */ = {
			isa = PBXVariantGroup;
			children = (
				9814303129782184000F805D /* Base */,
			);
			name = LaunchScreen.storyboard;
			sourceTree = "<group>";
		};
/* End PBXVariantGroup section */

/* Begin XCBuildConfiguration section */
		9814304A29782184000F805D /* Debug */ = {
			isa = XCBuildConfiguration;
			buildSettings = {
				ALWAYS_SEARCH_USER_PATHS = NO;
				CLANG_ANALYZER_NONNULL = YES;
				CLANG_ANALYZER_NUMBER_OBJECT_CONVERSION = YES_AGGRESSIVE;
				CLANG_CXX_LANGUAGE_STANDARD = "gnu++20";
				CLANG_ENABLE_MODULES = YES;
				CLANG_ENABLE_OBJC_ARC = YES;
				CLANG_ENABLE_OBJC_WEAK = YES;
				CLANG_WARN_BLOCK_CAPTURE_AUTORELEASING = YES;
				CLANG_WARN_BOOL_CONVERSION = YES;
				CLANG_WARN_COMMA = YES;
				CLANG_WARN_CONSTANT_CONVERSION = YES;
				CLANG_WARN_DEPRECATED_OBJC_IMPLEMENTATIONS = YES;
				CLANG_WARN_DIRECT_OBJC_ISA_USAGE = YES_ERROR;
				CLANG_WARN_DOCUMENTATION_COMMENTS = YES;
				CLANG_WARN_EMPTY_BODY = YES;
				CLANG_WARN_ENUM_CONVERSION = YES;
				CLANG_WARN_INFINITE_RECURSION = YES;
				CLANG_WARN_INT_CONVERSION = YES;
				CLANG_WARN_NON_LITERAL_NULL_CONVERSION = YES;
				CLANG_WARN_OBJC_IMPLICIT_RETAIN_SELF = YES;
				CLANG_WARN_OBJC_LITERAL_CONVERSION = YES;
				CLANG_WARN_OBJC_ROOT_CLASS = YES_ERROR;
				CLANG_WARN_QUOTED_INCLUDE_IN_FRAMEWORK_HEADER = YES;
				CLANG_WARN_RANGE_LOOP_ANALYSIS = YES;
				CLANG_WARN_STRICT_PROTOTYPES = YES;
				CLANG_WARN_SUSPICIOUS_MOVE = YES;
				CLANG_WARN_UNGUARDED_AVAILABILITY = YES_AGGRESSIVE;
				CLANG_WARN_UNREACHABLE_CODE = YES;
				CLANG_WARN__DUPLICATE_METHOD_MATCH = YES;
				COPY_PHASE_STRIP = NO;
				DEBUG_INFORMATION_FORMAT = dwarf;
				ENABLE_STRICT_OBJC_MSGSEND = YES;
				ENABLE_TESTABILITY = YES;
				GCC_C_LANGUAGE_STANDARD = gnu11;
				GCC_DYNAMIC_NO_PIC = NO;
				GCC_NO_COMMON_BLOCKS = YES;
				GCC_OPTIMIZATION_LEVEL = 0;
				GCC_PREPROCESSOR_DEFINITIONS = (
					"DEBUG=1",
					"$(inherited)",
				);
				GCC_WARN_64_TO_32_BIT_CONVERSION = YES;
				GCC_WARN_ABOUT_RETURN_TYPE = YES_ERROR;
				GCC_WARN_UNDECLARED_SELECTOR = YES;
				GCC_WARN_UNINITIALIZED_AUTOS = YES_AGGRESSIVE;
				GCC_WARN_UNUSED_FUNCTION = YES;
				GCC_WARN_UNUSED_VARIABLE = YES;
				IPHONEOS_DEPLOYMENT_TARGET = 16.1;
				MTL_ENABLE_DEBUG_INFO = INCLUDE_SOURCE;
				MTL_FAST_MATH = YES;
				ONLY_ACTIVE_ARCH = YES;
				SDKROOT = iphoneos;
				SWIFT_ACTIVE_COMPILATION_CONDITIONS = DEBUG;
				SWIFT_OPTIMIZATION_LEVEL = "-Onone";
			};
			name = Debug;
		};
		9814304B29782184000F805D /* Release */ = {
			isa = XCBuildConfiguration;
			buildSettings = {
				ALWAYS_SEARCH_USER_PATHS = NO;
				CLANG_ANALYZER_NONNULL = YES;
				CLANG_ANALYZER_NUMBER_OBJECT_CONVERSION = YES_AGGRESSIVE;
				CLANG_CXX_LANGUAGE_STANDARD = "gnu++20";
				CLANG_ENABLE_MODULES = YES;
				CLANG_ENABLE_OBJC_ARC = YES;
				CLANG_ENABLE_OBJC_WEAK = YES;
				CLANG_WARN_BLOCK_CAPTURE_AUTORELEASING = YES;
				CLANG_WARN_BOOL_CONVERSION = YES;
				CLANG_WARN_COMMA = YES;
				CLANG_WARN_CONSTANT_CONVERSION = YES;
				CLANG_WARN_DEPRECATED_OBJC_IMPLEMENTATIONS = YES;
				CLANG_WARN_DIRECT_OBJC_ISA_USAGE = YES_ERROR;
				CLANG_WARN_DOCUMENTATION_COMMENTS = YES;
				CLANG_WARN_EMPTY_BODY = YES;
				CLANG_WARN_ENUM_CONVERSION = YES;
				CLANG_WARN_INFINITE_RECURSION = YES;
				CLANG_WARN_INT_CONVERSION = YES;
				CLANG_WARN_NON_LITERAL_NULL_CONVERSION = YES;
				CLANG_WARN_OBJC_IMPLICIT_RETAIN_SELF = YES;
				CLANG_WARN_OBJC_LITERAL_CONVERSION = YES;
				CLANG_WARN_OBJC_ROOT_CLASS = YES_ERROR;
				CLANG_WARN_QUOTED_INCLUDE_IN_FRAMEWORK_HEADER = YES;
				CLANG_WARN_RANGE_LOOP_ANALYSIS = YES;
				CLANG_WARN_STRICT_PROTOTYPES = YES;
				CLANG_WARN_SUSPICIOUS_MOVE = YES;
				CLANG_WARN_UNGUARDED_AVAILABILITY = YES_AGGRESSIVE;
				CLANG_WARN_UNREACHABLE_CODE = YES;
				CLANG_WARN__DUPLICATE_METHOD_MATCH = YES;
				COPY_PHASE_STRIP = NO;
				DEBUG_INFORMATION_FORMAT = "dwarf-with-dsym";
				ENABLE_NS_ASSERTIONS = NO;
				ENABLE_STRICT_OBJC_MSGSEND = YES;
				GCC_C_LANGUAGE_STANDARD = gnu11;
				GCC_NO_COMMON_BLOCKS = YES;
				GCC_WARN_64_TO_32_BIT_CONVERSION = YES;
				GCC_WARN_ABOUT_RETURN_TYPE = YES_ERROR;
				GCC_WARN_UNDECLARED_SELECTOR = YES;
				GCC_WARN_UNINITIALIZED_AUTOS = YES_AGGRESSIVE;
				GCC_WARN_UNUSED_FUNCTION = YES;
				GCC_WARN_UNUSED_VARIABLE = YES;
				IPHONEOS_DEPLOYMENT_TARGET = 16.1;
				MTL_ENABLE_DEBUG_INFO = NO;
				MTL_FAST_MATH = YES;
				SDKROOT = iphoneos;
				SWIFT_COMPILATION_MODE = wholemodule;
				SWIFT_OPTIMIZATION_LEVEL = "-O";
				VALIDATE_PRODUCT = YES;
			};
			name = Release;
		};
		9814304D29782184000F805D /* Debug */ = {
			isa = XCBuildConfiguration;
			buildSettings = {
				ASSETCATALOG_COMPILER_APPICON_NAME = AppIcon;
				ASSETCATALOG_COMPILER_GLOBAL_ACCENT_COLOR_NAME = AccentColor;
				CODE_SIGN_STYLE = Automatic;
				CURRENT_PROJECT_VERSION = 1;
				DEVELOPMENT_TEAM = V9XTX57GV4;
				GENERATE_INFOPLIST_FILE = YES;
				INFOPLIST_FILE = ImageAnimations/Info.plist;
				INFOPLIST_KEY_UIApplicationSupportsIndirectInputEvents = YES;
				INFOPLIST_KEY_UILaunchStoryboardName = LaunchScreen;
				INFOPLIST_KEY_UIMainStoryboardFile = Main;
				INFOPLIST_KEY_UISupportedInterfaceOrientations_iPad = "UIInterfaceOrientationPortrait UIInterfaceOrientationPortraitUpsideDown UIInterfaceOrientationLandscapeLeft UIInterfaceOrientationLandscapeRight";
				INFOPLIST_KEY_UISupportedInterfaceOrientations_iPhone = "UIInterfaceOrientationPortrait UIInterfaceOrientationLandscapeLeft UIInterfaceOrientationLandscapeRight";
				LD_RUNPATH_SEARCH_PATHS = (
					"$(inherited)",
					"@executable_path/Frameworks",
				);
				MARKETING_VERSION = 1.0;
				PRODUCT_BUNDLE_IDENTIFIER = com.vikram.ImageAnimations;
				PRODUCT_NAME = "$(TARGET_NAME)";
				SWIFT_EMIT_LOC_STRINGS = YES;
				SWIFT_VERSION = 5.0;
				TARGETED_DEVICE_FAMILY = "1,2";
			};
			name = Debug;
		};
		9814304E29782184000F805D /* Release */ = {
			isa = XCBuildConfiguration;
			buildSettings = {
				ASSETCATALOG_COMPILER_APPICON_NAME = AppIcon;
				ASSETCATALOG_COMPILER_GLOBAL_ACCENT_COLOR_NAME = AccentColor;
				CODE_SIGN_STYLE = Automatic;
				CURRENT_PROJECT_VERSION = 1;
				DEVELOPMENT_TEAM = V9XTX57GV4;
				GENERATE_INFOPLIST_FILE = YES;
				INFOPLIST_FILE = ImageAnimations/Info.plist;
				INFOPLIST_KEY_UIApplicationSupportsIndirectInputEvents = YES;
				INFOPLIST_KEY_UILaunchStoryboardName = LaunchScreen;
				INFOPLIST_KEY_UIMainStoryboardFile = Main;
				INFOPLIST_KEY_UISupportedInterfaceOrientations_iPad = "UIInterfaceOrientationPortrait UIInterfaceOrientationPortraitUpsideDown UIInterfaceOrientationLandscapeLeft UIInterfaceOrientationLandscapeRight";
				INFOPLIST_KEY_UISupportedInterfaceOrientations_iPhone = "UIInterfaceOrientationPortrait UIInterfaceOrientationLandscapeLeft UIInterfaceOrientationLandscapeRight";
				LD_RUNPATH_SEARCH_PATHS = (
					"$(inherited)",
					"@executable_path/Frameworks",
				);
				MARKETING_VERSION = 1.0;
				PRODUCT_BUNDLE_IDENTIFIER = com.vikram.ImageAnimations;
				PRODUCT_NAME = "$(TARGET_NAME)";
				SWIFT_EMIT_LOC_STRINGS = YES;
				SWIFT_VERSION = 5.0;
				TARGETED_DEVICE_FAMILY = "1,2";
			};
			name = Release;
		};
		9814305029782184000F805D /* Debug */ = {
			isa = XCBuildConfiguration;
			buildSettings = {
				ALWAYS_EMBED_SWIFT_STANDARD_LIBRARIES = YES;
				BUNDLE_LOADER = "$(TEST_HOST)";
				CODE_SIGN_STYLE = Automatic;
				CURRENT_PROJECT_VERSION = 1;
				DEVELOPMENT_TEAM = V9XTX57GV4;
				GENERATE_INFOPLIST_FILE = YES;
				IPHONEOS_DEPLOYMENT_TARGET = 16.1;
				MARKETING_VERSION = 1.0;
				PRODUCT_BUNDLE_IDENTIFIER = com.vikram.ImageAnimationsTests;
				PRODUCT_NAME = "$(TARGET_NAME)";
				SWIFT_EMIT_LOC_STRINGS = NO;
				SWIFT_VERSION = 5.0;
				TARGETED_DEVICE_FAMILY = "1,2";
				TEST_HOST = "$(BUILT_PRODUCTS_DIR)/ImageAnimations.app/$(BUNDLE_EXECUTABLE_FOLDER_PATH)/ImageAnimations";
			};
			name = Debug;
		};
		9814305129782184000F805D /* Release */ = {
			isa = XCBuildConfiguration;
			buildSettings = {
				ALWAYS_EMBED_SWIFT_STANDARD_LIBRARIES = YES;
				BUNDLE_LOADER = "$(TEST_HOST)";
				CODE_SIGN_STYLE = Automatic;
				CURRENT_PROJECT_VERSION = 1;
				DEVELOPMENT_TEAM = V9XTX57GV4;
				GENERATE_INFOPLIST_FILE = YES;
				IPHONEOS_DEPLOYMENT_TARGET = 16.1;
				MARKETING_VERSION = 1.0;
				PRODUCT_BUNDLE_IDENTIFIER = com.vikram.ImageAnimationsTests;
				PRODUCT_NAME = "$(TARGET_NAME)";
				SWIFT_EMIT_LOC_STRINGS = NO;
				SWIFT_VERSION = 5.0;
				TARGETED_DEVICE_FAMILY = "1,2";
				TEST_HOST = "$(BUILT_PRODUCTS_DIR)/ImageAnimations.app/$(BUNDLE_EXECUTABLE_FOLDER_PATH)/ImageAnimations";
			};
			name = Release;
		};
		9814305329782184000F805D /* Debug */ = {
			isa = XCBuildConfiguration;
			buildSettings = {
				ALWAYS_EMBED_SWIFT_STANDARD_LIBRARIES = YES;
				CODE_SIGN_STYLE = Automatic;
				CURRENT_PROJECT_VERSION = 1;
				DEVELOPMENT_TEAM = V9XTX57GV4;
				GENERATE_INFOPLIST_FILE = YES;
				MARKETING_VERSION = 1.0;
				PRODUCT_BUNDLE_IDENTIFIER = com.vikram.ImageAnimationsUITests;
				PRODUCT_NAME = "$(TARGET_NAME)";
				SWIFT_EMIT_LOC_STRINGS = NO;
				SWIFT_VERSION = 5.0;
				TARGETED_DEVICE_FAMILY = "1,2";
				TEST_TARGET_NAME = ImageAnimations;
			};
			name = Debug;
		};
		9814305429782184000F805D /* Release */ = {
			isa = XCBuildConfiguration;
			buildSettings = {
				ALWAYS_EMBED_SWIFT_STANDARD_LIBRARIES = YES;
				CODE_SIGN_STYLE = Automatic;
				CURRENT_PROJECT_VERSION = 1;
				DEVELOPMENT_TEAM = V9XTX57GV4;
				GENERATE_INFOPLIST_FILE = YES;
				MARKETING_VERSION = 1.0;
				PRODUCT_BUNDLE_IDENTIFIER = com.vikram.ImageAnimationsUITests;
				PRODUCT_NAME = "$(TARGET_NAME)";
				SWIFT_EMIT_LOC_STRINGS = NO;
				SWIFT_VERSION = 5.0;
				TARGETED_DEVICE_FAMILY = "1,2";
				TEST_TARGET_NAME = ImageAnimations;
			};
			name = Release;
		};
/* End XCBuildConfiguration section */

/* Begin XCConfigurationList section */
		9814301D29782180000F805D /* Build configuration list for PBXProject "ImageAnimations" */ = {
			isa = XCConfigurationList;
			buildConfigurations = (
				9814304A29782184000F805D /* Debug */,
				9814304B29782184000F805D /* Release */,
			);
			defaultConfigurationIsVisible = 0;
			defaultConfigurationName = Release;
		};
		9814304C29782184000F805D /* Build configuration list for PBXNativeTarget "ImageAnimations" */ = {
			isa = XCConfigurationList;
			buildConfigurations = (
				9814304D29782184000F805D /* Debug */,
				9814304E29782184000F805D /* Release */,
			);
			defaultConfigurationIsVisible = 0;
			defaultConfigurationName = Release;
		};
		9814304F29782184000F805D /* Build configuration list for PBXNativeTarget "ImageAnimationsTests" */ = {
			isa = XCConfigurationList;
			buildConfigurations = (
				9814305029782184000F805D /* Debug */,
				9814305129782184000F805D /* Release */,
			);
			defaultConfigurationIsVisible = 0;
			defaultConfigurationName = Release;
		};
		9814305229782184000F805D /* Build configuration list for PBXNativeTarget "ImageAnimationsUITests" */ = {
			isa = XCConfigurationList;
			buildConfigurations = (
				9814305329782184000F805D /* Debug */,
				9814305429782184000F805D /* Release */,
			);
			defaultConfigurationIsVisible = 0;
			defaultConfigurationName = Release;
		};
/* End XCConfigurationList section */
	};
	rootObject = 9814301A29782180000F805D /* Project object */;
}
